{
  "name": "vba-ticketing",
  "version": "1.0.0",
  "lockfileVersion": 1,
  "requires": true,
  "dependencies": {
    "bootstrap-colorpicker": {
      "version": "2.5.2",
      "resolved": "https://registry.npmjs.org/bootstrap-colorpicker/-/bootstrap-colorpicker-2.5.2.tgz",
      "integrity": "sha512-krzBno9AMUwI2+IDwMvjnpqpa2f8womW0CCKmEcxGzVkolCFrt22jjMjzx1NZqB8C1DUdNgZP4LfyCsgpHRiYA==",
      "requires": {
        "jquery": "3.3.1"
      }
    },
    "datatables.net": {
      "version": "1.10.16",
      "resolved": "https://registry.npmjs.org/datatables.net/-/datatables.net-1.10.16.tgz",
      "integrity": "sha1-SwUtEIKCQmG2ju2dInQbcR09JGk=",
      "requires": {
        "jquery": "3.3.1"
      }
    },
    "datatables.net-bs": {
      "version": "1.10.16",
      "resolved": "https://registry.npmjs.org/datatables.net-bs/-/datatables.net-bs-1.10.16.tgz",
      "integrity": "sha1-sIVPWzdPcTrj20FWx86op2DD3nY=",
      "requires": {
        "datatables.net": "1.10.16",
        "jquery": "3.3.1"
      }
    },
    "jquery": {
      "version": "3.3.1",
      "resolved": "https://registry.npmjs.org/jquery/-/jquery-3.3.1.tgz",
      "integrity": "sha512-Ubldcmxp5np52/ENotGxlLe6aGMvmF4R8S6tZjsP6Knsaxd/xp3Zrh50cG93lR6nPXyUFwzN3ZSOQI0wRJNdGg=="
    },
    "metismenu": {
      "version": "2.7.2",
      "resolved": "https://registry.npmjs.org/metismenu/-/metismenu-2.7.2.tgz",
      "integrity": "sha512-r36yxQJazMlDbmIQseVuVNUUKTC4vHHqTT4btocvMP8YRDP/kaJfT02L6Q4RMVfn17w8aRVDr44H7fC5uhNzTA=="
    },
    "summernote": {
      "version": "0.8.9",
      "resolved": "https://registry.npmjs.org/summernote/-/summernote-0.8.9.tgz",
      "integrity": "sha512-byim0LJFYzdDv9xDyt4tZySxK40vWHlmuF4wqvYvPdTiQJGVUdAE2w6lassRYfubDvp8+7l4mP/LojHMZzEDZg=="
    }
  }
}
